
Microsoft Visual Studio Solution File, Format Version 12.00
# Visual Studio 15
VisualStudioVersion = 15.0.27703.2018
MinimumVisualStudioVersion = 10.0.40219.1
Project("{FAE04EC0-301F-11D3-BF4B-00C04F79EFBC}") = "RogueImmortal", "RogueImmortal\RogueImmortal.csproj", "{A6B9E697-E15B-4C25-A8CE-DA9854AB0698}"
EndProject
Global
	GlobalSection(SolutionConfigurationPlatforms) = preSolution
		Debug|x86 = Debug|x86
		Release|x86 = Release|x86
	EndGlobalSection
	GlobalSection(ProjectConfigurationPlatforms) = postSolution
		{A6B9E697-E15B-4C25-A8CE-DA9854AB0698}.Debug|x86.ActiveCfg = Debug|x86
		{A6B9E697-E15B-4C25-A8CE-DA9854AB0698}.Debug|x86.Build.0 = Debug|x86
		{A6B9E697-E15B-4C25-A8CE-DA9854AB0698}.Release|x86.ActiveCfg = Release|x86
		{A6B9E697-E15B-4C25-A8CE-DA9854AB0698}.Release|x86.Build.0 = Release|x86
	EndGlobalSection
	GlobalSection(SolutionProperties) = preSolution
		HideSolutionNode = FALSE
	EndGlobalSection
	GlobalSection(ExtensibilityGlobals) = postSolution
		SolutionGuid = {45BE6FD3-5A69-48F4-A667-272C0B0ADD5E}
	EndGlobalSection
EndGlobal
